# This file is automatically @generated by pesde.
# It is not intended for manual editing.
format = 2
name = "ernisto/ci_cd"
version = "0.1.0"
target = "lune"

[workspace."ernisto/git"]
lune = "pkg/git"

[workspace."ernisto/ro_cloud"]
lune = "pkg/ro-cloud"

[workspace."ernisto/semantic_git"]
lune = "pkg/semantic-git"
